
Microsoft Visual Studio Solution File, Format Version 12.00
Project("{FAE04EC0-301F-11D3-BF4B-00C04F79EFBC}") = "Translator", "Translator\Translator.csproj", "{2028724D-065C-42D7-AF75-922FA3701CBF}"
EndProject
Project("{FAE04EC0-301F-11D3-BF4B-00C04F79EFBC}") = "TranslatorGUI", "TranslatorGUI\TranslatorGUI.csproj", "{86ECD239-CC4C-4873-8999-7B42CD4099A3}"
EndProject
Global
	GlobalSection(SolutionConfigurationPlatforms) = preSolution
		Debug|Any CPU = Debug|Any CPU
		Release|Any CPU = Release|Any CPU
	EndGlobalSection
	GlobalSection(ProjectConfigurationPlatforms) = postSolution
		{2028724D-065C-42D7-AF75-922FA3701CBF}.Debug|Any CPU.ActiveCfg = Debug|Any CPU
		{2028724D-065C-42D7-AF75-922FA3701CBF}.Debug|Any CPU.Build.0 = Debug|Any CPU
		{2028724D-065C-42D7-AF75-922FA3701CBF}.Release|Any CPU.ActiveCfg = Release|Any CPU
		{2028724D-065C-42D7-AF75-922FA3701CBF}.Release|Any CPU.Build.0 = Release|Any CPU
		{86ECD239-CC4C-4873-8999-7B42CD4099A3}.Debug|Any CPU.ActiveCfg = Debug|Any CPU
		{86ECD239-CC4C-4873-8999-7B42CD4099A3}.Debug|Any CPU.Build.0 = Debug|Any CPU
		{86ECD239-CC4C-4873-8999-7B42CD4099A3}.Release|Any CPU.ActiveCfg = Release|Any CPU
		{86ECD239-CC4C-4873-8999-7B42CD4099A3}.Release|Any CPU.Build.0 = Release|Any CPU
	EndGlobalSection
EndGlobal
